
Microsoft Visual Studio Solution File, Format Version 12.00
# Visual Studio Version 17
VisualStudioVersion = 17.11.35303.130
MinimumVisualStudioVersion = 10.0.40219.1
Project("{9A19103F-16F7-4668-BE54-9A1E7A4F7556}") = "oop-assigment-2-A-2024-74154", "oop-assigment-2-A-2024-74154.csproj", "{1EED291B-0779-4BC4-A17E-9FC9E7D9C05D}"
EndProject
Global
	GlobalSection(SolutionConfigurationPlatforms) = preSolution
		Debug|Any CPU = Debug|Any CPU
		Release|Any CPU = Release|Any CPU
	EndGlobalSection
	GlobalSection(ProjectConfigurationPlatforms) = postSolution
		{1EED291B-0779-4BC4-A17E-9FC9E7D9C05D}.Debug|Any CPU.ActiveCfg = Debug|Any CPU
		{1EED291B-0779-4BC4-A17E-9FC9E7D9C05D}.Debug|Any CPU.Build.0 = Debug|Any CPU
		{1EED291B-0779-4BC4-A17E-9FC9E7D9C05D}.Release|Any CPU.ActiveCfg = Release|Any CPU
		{1EED291B-0779-4BC4-A17E-9FC9E7D9C05D}.Release|Any CPU.Build.0 = Release|Any CPU
	EndGlobalSection
	GlobalSection(SolutionProperties) = preSolution
		HideSolutionNode = FALSE
	EndGlobalSection
	GlobalSection(ExtensibilityGlobals) = postSolution
		SolutionGuid = {1A78D5F5-4C52-42CC-847C-6F8BFCF80210}
	EndGlobalSection
EndGlobal
